// !$*UTF8*$!
{
	archiveVersion = 1;
	classes = {
	};
	objectVersion = 55;
	objects = {

/* Begin PBXBuildFile section */
		D2251CB628B36EAB0090DC17 /* Extensions.swift in Sources */ = {isa = PBXBuildFile; fileRef = D2251CB528B36EAB0090DC17 /* Extensions.swift */; };
		D24D768A28AF97AE00A81BAF /* AppDelegate.swift in Sources */ = {isa = PBXBuildFile; fileRef = D24D768928AF97AE00A81BAF /* AppDelegate.swift */; };
		D24D768C28AF97AE00A81BAF /* SceneDelegate.swift in Sources */ = {isa = PBXBuildFile; fileRef = D24D768B28AF97AE00A81BAF /* SceneDelegate.swift */; };
		D24D768E28AF97AE00A81BAF /* ConversationsViewController.swift in Sources */ = {isa = PBXBuildFile; fileRef = D24D768D28AF97AE00A81BAF /* ConversationsViewController.swift */; };
		D24D769128AF97AE00A81BAF /* Main.storyboard in Resources */ = {isa = PBXBuildFile; fileRef = D24D768F28AF97AE00A81BAF /* Main.storyboard */; };
		D24D769328AF97AF00A81BAF /* Assets.xcassets in Resources */ = {isa = PBXBuildFile; fileRef = D24D769228AF97AF00A81BAF /* Assets.xcassets */; };
		D24D769628AF97AF00A81BAF /* LaunchScreen.storyboard in Resources */ = {isa = PBXBuildFile; fileRef = D24D769428AF97AF00A81BAF /* LaunchScreen.storyboard */; };
		D24D76A428AF9C3D00A81BAF /* LoginViewController.swift in Sources */ = {isa = PBXBuildFile; fileRef = D24D76A328AF9C3D00A81BAF /* LoginViewController.swift */; };
		D24D76A628AF9C6500A81BAF /* RegisterViewController.swift in Sources */ = {isa = PBXBuildFile; fileRef = D24D76A528AF9C6500A81BAF /* RegisterViewController.swift */; };
		D24D76A828AF9CC800A81BAF /* PhotoViewerViewController.swift in Sources */ = {isa = PBXBuildFile; fileRef = D24D76A728AF9CC800A81BAF /* PhotoViewerViewController.swift */; };
		D24D76AA28AF9CDB00A81BAF /* VideoPlayerViewController.swift in Sources */ = {isa = PBXBuildFile; fileRef = D24D76A928AF9CDB00A81BAF /* VideoPlayerViewController.swift */; };
		D24D76AC28AF9D0700A81BAF /* NewConverstaionViewController.swift in Sources */ = {isa = PBXBuildFile; fileRef = D24D76AB28AF9D0700A81BAF /* NewConverstaionViewController.swift */; };
		D24D76AE28AF9D3D00A81BAF /* ProfileViewController.swift in Sources */ = {isa = PBXBuildFile; fileRef = D24D76AD28AF9D3D00A81BAF /* ProfileViewController.swift */; };
/* End PBXBuildFile section */

/* Begin PBXFileReference section */
		D2251CB528B36EAB0090DC17 /* Extensions.swift */ = {isa = PBXFileReference; lastKnownFileType = sourcecode.swift; path = Extensions.swift; sourceTree = "<group>"; };
		D24D768628AF97AE00A81BAF /* Messenger.app */ = {isa = PBXFileReference; explicitFileType = wrapper.application; includeInIndex = 0; path = Messenger.app; sourceTree = BUILT_PRODUCTS_DIR; };
		D24D768928AF97AE00A81BAF /* AppDelegate.swift */ = {isa = PBXFileReference; lastKnownFileType = sourcecode.swift; path = AppDelegate.swift; sourceTree = "<group>"; };
		D24D768B28AF97AE00A81BAF /* SceneDelegate.swift */ = {isa = PBXFileReference; lastKnownFileType = sourcecode.swift; path = SceneDelegate.swift; sourceTree = "<group>"; };
		D24D768D28AF97AE00A81BAF /* ConversationsViewController.swift */ = {isa = PBXFileReference; lastKnownFileType = sourcecode.swift; path = ConversationsViewController.swift; sourceTree = "<group>"; };
		D24D769028AF97AE00A81BAF /* Base */ = {isa = PBXFileReference; lastKnownFileType = file.storyboard; name = Base; path = Base.lproj/Main.storyboard; sourceTree = "<group>"; };
		D24D769228AF97AF00A81BAF /* Assets.xcassets */ = {isa = PBXFileReference; lastKnownFileType = folder.assetcatalog; path = Assets.xcassets; sourceTree = "<group>"; };
		D24D769528AF97AF00A81BAF /* Base */ = {isa = PBXFileReference; lastKnownFileType = file.storyboard; name = Base; path = Base.lproj/LaunchScreen.storyboard; sourceTree = "<group>"; };
		D24D769728AF97AF00A81BAF /* Info.plist */ = {isa = PBXFileReference; lastKnownFileType = text.plist.xml; path = Info.plist; sourceTree = "<group>"; };
		D24D76A328AF9C3D00A81BAF /* LoginViewController.swift */ = {isa = PBXFileReference; lastKnownFileType = sourcecode.swift; path = LoginViewController.swift; sourceTree = "<group>"; };
		D24D76A528AF9C6500A81BAF /* RegisterViewController.swift */ = {isa = PBXFileReference; lastKnownFileType = sourcecode.swift; path = RegisterViewController.swift; sourceTree = "<group>"; };
		D24D76A728AF9CC800A81BAF /* PhotoViewerViewController.swift */ = {isa = PBXFileReference; lastKnownFileType = sourcecode.swift; path = PhotoViewerViewController.swift; sourceTree = "<group>"; };
		D24D76A928AF9CDB00A81BAF /* VideoPlayerViewController.swift */ = {isa = PBXFileReference; lastKnownFileType = sourcecode.swift; path = VideoPlayerViewController.swift; sourceTree = "<group>"; };
		D24D76AB28AF9D0700A81BAF /* NewConverstaionViewController.swift */ = {isa = PBXFileReference; lastKnownFileType = sourcecode.swift; path = NewConverstaionViewController.swift; sourceTree = "<group>"; };
		D24D76AD28AF9D3D00A81BAF /* ProfileViewController.swift */ = {isa = PBXFileReference; lastKnownFileType = sourcecode.swift; path = ProfileViewController.swift; sourceTree = "<group>"; };
/* End PBXFileReference section */

/* Begin PBXFrameworksBuildPhase section */
		D24D768328AF97AE00A81BAF /* Frameworks */ = {
			isa = PBXFrameworksBuildPhase;
			buildActionMask = 2147483647;
			files = (
			);
			runOnlyForDeploymentPostprocessing = 0;
		};
/* End PBXFrameworksBuildPhase section */

/* Begin PBXGroup section */
		D24D767D28AF97AD00A81BAF = {
			isa = PBXGroup;
			children = (
				D24D768828AF97AE00A81BAF /* Messenger */,
				D24D768728AF97AE00A81BAF /* Products */,
			);
			sourceTree = "<group>";
		};
		D24D768728AF97AE00A81BAF /* Products */ = {
			isa = PBXGroup;
			children = (
				D24D768628AF97AE00A81BAF /* Messenger.app */,
			);
			name = Products;
			sourceTree = "<group>";
		};
		D24D768828AF97AE00A81BAF /* Messenger */ = {
			isa = PBXGroup;
			children = (
				D24D76A228AF99B500A81BAF /* ViewModels */,
				D24D76A028AF98E900A81BAF /* Resources */,
				D24D769F28AF98D900A81BAF /* Models */,
				D24D769E28AF98D100A81BAF /* Views */,
				D24D769D28AF98C500A81BAF /* Controllers */,
				D24D769728AF97AF00A81BAF /* Info.plist */,
			);
			path = Messenger;
			sourceTree = "<group>";
		};
		D24D769D28AF98C500A81BAF /* Controllers */ = {
			isa = PBXGroup;
			children = (
				D24D76AF28AFA1D500A81BAF /* Login */,
				D24D768D28AF97AE00A81BAF /* ConversationsViewController.swift */,
				D24D76A728AF9CC800A81BAF /* PhotoViewerViewController.swift */,
				D24D76A928AF9CDB00A81BAF /* VideoPlayerViewController.swift */,
				D24D76AB28AF9D0700A81BAF /* NewConverstaionViewController.swift */,
				D24D76AD28AF9D3D00A81BAF /* ProfileViewController.swift */,
			);
			path = Controllers;
			sourceTree = "<group>";
		};
		D24D769E28AF98D100A81BAF /* Views */ = {
			isa = PBXGroup;
			children = (
				D24D76A128AF996400A81BAF /* Storyboards */,
				D24D769228AF97AF00A81BAF /* Assets.xcassets */,
			);
			path = Views;
			sourceTree = "<group>";
		};
		D24D769F28AF98D900A81BAF /* Models */ = {
			isa = PBXGroup;
			children = (
			);
			path = Models;
			sourceTree = "<group>";
		};
		D24D76A028AF98E900A81BAF /* Resources */ = {
			isa = PBXGroup;
			children = (
				D24D768928AF97AE00A81BAF /* AppDelegate.swift */,
				D24D768B28AF97AE00A81BAF /* SceneDelegate.swift */,
				D2251CB528B36EAB0090DC17 /* Extensions.swift */,
			);
			path = Resources;
			sourceTree = "<group>";
		};
		D24D76A128AF996400A81BAF /* Storyboards */ = {
			isa = PBXGroup;
			children = (
				D24D769428AF97AF00A81BAF /* LaunchScreen.storyboard */,
				D24D768F28AF97AE00A81BAF /* Main.storyboard */,
			);
			path = Storyboards;
			sourceTree = "<group>";
		};
		D24D76A228AF99B500A81BAF /* ViewModels */ = {
			isa = PBXGroup;
			children = (
			);
			path = ViewModels;
			sourceTree = "<group>";
		};
		D24D76AF28AFA1D500A81BAF /* Login */ = {
			isa = PBXGroup;
			children = (
				D24D76A528AF9C6500A81BAF /* RegisterViewController.swift */,
				D24D76A328AF9C3D00A81BAF /* LoginViewController.swift */,
			);
			path = Login;
			sourceTree = "<group>";
		};
/* End PBXGroup section */

/* Begin PBXNativeTarget section */
		D24D768528AF97AE00A81BAF /* Messenger */ = {
			isa = PBXNativeTarget;
			buildConfigurationList = D24D769A28AF97AF00A81BAF /* Build configuration list for PBXNativeTarget "Messenger" */;
			buildPhases = (
				D24D768228AF97AE00A81BAF /* Sources */,
				D24D768328AF97AE00A81BAF /* Frameworks */,
				D24D768428AF97AE00A81BAF /* Resources */,
			);
			buildRules = (
			);
			dependencies = (
			);
			name = Messenger;
			productName = Messenger;
			productReference = D24D768628AF97AE00A81BAF /* Messenger.app */;
			productType = "com.apple.product-type.application";
		};
/* End PBXNativeTarget section */

/* Begin PBXProject section */
		D24D767E28AF97AD00A81BAF /* Project object */ = {
			isa = PBXProject;
			attributes = {
				BuildIndependentTargetsInParallel = 1;
				LastSwiftUpdateCheck = 1340;
				LastUpgradeCheck = 1340;
				TargetAttributes = {
					D24D768528AF97AE00A81BAF = {
						CreatedOnToolsVersion = 13.4.1;
					};
				};
			};
			buildConfigurationList = D24D768128AF97AD00A81BAF /* Build configuration list for PBXProject "Messenger" */;
			compatibilityVersion = "Xcode 13.0";
			developmentRegion = en;
			hasScannedForEncodings = 0;
			knownRegions = (
				en,
				Base,
			);
			mainGroup = D24D767D28AF97AD00A81BAF;
			productRefGroup = D24D768728AF97AE00A81BAF /* Products */;
			projectDirPath = "";
			projectRoot = "";
			targets = (
				D24D768528AF97AE00A81BAF /* Messenger */,
			);
		};
/* End PBXProject section */

/* Begin PBXResourcesBuildPhase section */
		D24D768428AF97AE00A81BAF /* Resources */ = {
			isa = PBXResourcesBuildPhase;
			buildActionMask = 2147483647;
			files = (
				D24D769628AF97AF00A81BAF /* LaunchScreen.storyboard in Resources */,
				D24D769328AF97AF00A81BAF /* Assets.xcassets in Resources */,
				D24D769128AF97AE00A81BAF /* Main.storyboard in Resources */,
			);
			runOnlyForDeploymentPostprocessing = 0;
		};
/* End PBXResourcesBuildPhase section */

/* Begin PBXSourcesBuildPhase section */
		D24D768228AF97AE00A81BAF /* Sources */ = {
			isa = PBXSourcesBuildPhase;
			buildActionMask = 2147483647;
			files = (
				D24D76A428AF9C3D00A81BAF /* LoginViewController.swift in Sources */,
				D24D76A628AF9C6500A81BAF /* RegisterViewController.swift in Sources */,
				D24D76AC28AF9D0700A81BAF /* NewConverstaionViewController.swift in Sources */,
				D24D768E28AF97AE00A81BAF /* ConversationsViewController.swift in Sources */,
				D24D76AA28AF9CDB00A81BAF /* VideoPlayerViewController.swift in Sources */,
				D2251CB628B36EAB0090DC17 /* Extensions.swift in Sources */,
				D24D768A28AF97AE00A81BAF /* AppDelegate.swift in Sources */,
				D24D76AE28AF9D3D00A81BAF /* ProfileViewController.swift in Sources */,
				D24D768C28AF97AE00A81BAF /* SceneDelegate.swift in Sources */,
				D24D76A828AF9CC800A81BAF /* PhotoViewerViewController.swift in Sources */,
			);
			runOnlyForDeploymentPostprocessing = 0;
		};
/* End PBXSourcesBuildPhase section */

/* Begin PBXVariantGroup section */
		D24D768F28AF97AE00A81BAF /* Main.storyboard */ = {
			isa = PBXVariantGroup;
			children = (
				D24D769028AF97AE00A81BAF /* Base */,
			);
			name = Main.storyboard;
			sourceTree = "<group>";
		};
		D24D769428AF97AF00A81BAF /* LaunchScreen.storyboard */ = {
			isa = PBXVariantGroup;
			children = (
				D24D769528AF97AF00A81BAF /* Base */,
			);
			name = LaunchScreen.storyboard;
			sourceTree = "<group>";
		};
/* End PBXVariantGroup section */

/* Begin XCBuildConfiguration section */
		D24D769828AF97AF00A81BAF /* Debug */ = {
			isa = XCBuildConfiguration;
			buildSettings = {
				ALWAYS_SEARCH_USER_PATHS = NO;
				CLANG_ANALYZER_NONNULL = YES;
				CLANG_ANALYZER_NUMBER_OBJECT_CONVERSION = YES_AGGRESSIVE;
				CLANG_CXX_LANGUAGE_STANDARD = "gnu++17";
				CLANG_ENABLE_MODULES = YES;
				CLANG_ENABLE_OBJC_ARC = YES;
				CLANG_ENABLE_OBJC_WEAK = YES;
				CLANG_WARN_BLOCK_CAPTURE_AUTORELEASING = YES;
				CLANG_WARN_BOOL_CONVERSION = YES;
				CLANG_WARN_COMMA = YES;
				CLANG_WARN_CONSTANT_CONVERSION = YES;
				CLANG_WARN_DEPRECATED_OBJC_IMPLEMENTATIONS = YES;
				CLANG_WARN_DIRECT_OBJC_ISA_USAGE = YES_ERROR;
				CLANG_WARN_DOCUMENTATION_COMMENTS = YES;
				CLANG_WARN_EMPTY_BODY = YES;
				CLANG_WARN_ENUM_CONVERSION = YES;
				CLANG_WARN_INFINITE_RECURSION = YES;
				CLANG_WARN_INT_CONVERSION = YES;
				CLANG_WARN_NON_LITERAL_NULL_CONVERSION = YES;
				CLANG_WARN_OBJC_IMPLICIT_RETAIN_SELF = YES;
				CLANG_WARN_OBJC_LITERAL_CONVERSION = YES;
				CLANG_WARN_OBJC_ROOT_CLASS = YES_ERROR;
				CLANG_WARN_QUOTED_INCLUDE_IN_FRAMEWORK_HEADER = YES;
				CLANG_WARN_RANGE_LOOP_ANALYSIS = YES;
				CLANG_WARN_STRICT_PROTOTYPES = YES;
				CLANG_WARN_SUSPICIOUS_MOVE = YES;
				CLANG_WARN_UNGUARDED_AVAILABILITY = YES_AGGRESSIVE;
				CLANG_WARN_UNREACHABLE_CODE = YES;
				CLANG_WARN__DUPLICATE_METHOD_MATCH = YES;
				COPY_PHASE_STRIP = NO;
				DEBUG_INFORMATION_FORMAT = dwarf;
				ENABLE_STRICT_OBJC_MSGSEND = YES;
				ENABLE_TESTABILITY = YES;
				GCC_C_LANGUAGE_STANDARD = gnu11;
				GCC_DYNAMIC_NO_PIC = NO;
				GCC_NO_COMMON_BLOCKS = YES;
				GCC_OPTIMIZATION_LEVEL = 0;
				GCC_PREPROCESSOR_DEFINITIONS = (
					"DEBUG=1",
					"$(inherited)",
				);
				GCC_WARN_64_TO_32_BIT_CONVERSION = YES;
				GCC_WARN_ABOUT_RETURN_TYPE = YES_ERROR;
				GCC_WARN_UNDECLARED_SELECTOR = YES;
				GCC_WARN_UNINITIALIZED_AUTOS = YES_AGGRESSIVE;
				GCC_WARN_UNUSED_FUNCTION = YES;
				GCC_WARN_UNUSED_VARIABLE = YES;
				IPHONEOS_DEPLOYMENT_TARGET = 15.5;
				MTL_ENABLE_DEBUG_INFO = INCLUDE_SOURCE;
				MTL_FAST_MATH = YES;
				ONLY_ACTIVE_ARCH = YES;
				SDKROOT = iphoneos;
				SWIFT_ACTIVE_COMPILATION_CONDITIONS = DEBUG;
				SWIFT_OPTIMIZATION_LEVEL = "-Onone";
			};
			name = Debug;
		};
		D24D769928AF97AF00A81BAF /* Release */ = {
			isa = XCBuildConfiguration;
			buildSettings = {
				ALWAYS_SEARCH_USER_PATHS = NO;
				CLANG_ANALYZER_NONNULL = YES;
				CLANG_ANALYZER_NUMBER_OBJECT_CONVERSION = YES_AGGRESSIVE;
				CLANG_CXX_LANGUAGE_STANDARD = "gnu++17";
				CLANG_ENABLE_MODULES = YES;
				CLANG_ENABLE_OBJC_ARC = YES;
				CLANG_ENABLE_OBJC_WEAK = YES;
				CLANG_WARN_BLOCK_CAPTURE_AUTORELEASING = YES;
				CLANG_WARN_BOOL_CONVERSION = YES;
				CLANG_WARN_COMMA = YES;
				CLANG_WARN_CONSTANT_CONVERSION = YES;
				CLANG_WARN_DEPRECATED_OBJC_IMPLEMENTATIONS = YES;
				CLANG_WARN_DIRECT_OBJC_ISA_USAGE = YES_ERROR;
				CLANG_WARN_DOCUMENTATION_COMMENTS = YES;
				CLANG_WARN_EMPTY_BODY = YES;
				CLANG_WARN_ENUM_CONVERSION = YES;
				CLANG_WARN_INFINITE_RECURSION = YES;
				CLANG_WARN_INT_CONVERSION = YES;
				CLANG_WARN_NON_LITERAL_NULL_CONVERSION = YES;
				CLANG_WARN_OBJC_IMPLICIT_RETAIN_SELF = YES;
				CLANG_WARN_OBJC_LITERAL_CONVERSION = YES;
				CLANG_WARN_OBJC_ROOT_CLASS = YES_ERROR;
				CLANG_WARN_QUOTED_INCLUDE_IN_FRAMEWORK_HEADER = YES;
				CLANG_WARN_RANGE_LOOP_ANALYSIS = YES;
				CLANG_WARN_STRICT_PROTOTYPES = YES;
				CLANG_WARN_SUSPICIOUS_MOVE = YES;
				CLANG_WARN_UNGUARDED_AVAILABILITY = YES_AGGRESSIVE;
				CLANG_WARN_UNREACHABLE_CODE = YES;
				CLANG_WARN__DUPLICATE_METHOD_MATCH = YES;
				COPY_PHASE_STRIP = NO;
				DEBUG_INFORMATION_FORMAT = "dwarf-with-dsym";
				ENABLE_NS_ASSERTIONS = NO;
				ENABLE_STRICT_OBJC_MSGSEND = YES;
				GCC_C_LANGUAGE_STANDARD = gnu11;
				GCC_NO_COMMON_BLOCKS = YES;
				GCC_WARN_64_TO_32_BIT_CONVERSION = YES;
				GCC_WARN_ABOUT_RETURN_TYPE = YES_ERROR;
				GCC_WARN_UNDECLARED_SELECTOR = YES;
				GCC_WARN_UNINITIALIZED_AUTOS = YES_AGGRESSIVE;
				GCC_WARN_UNUSED_FUNCTION = YES;
				GCC_WARN_UNUSED_VARIABLE = YES;
				IPHONEOS_DEPLOYMENT_TARGET = 15.5;
				MTL_ENABLE_DEBUG_INFO = NO;
				MTL_FAST_MATH = YES;
				SDKROOT = iphoneos;
				SWIFT_COMPILATION_MODE = wholemodule;
				SWIFT_OPTIMIZATION_LEVEL = "-O";
				VALIDATE_PRODUCT = YES;
			};
			name = Release;
		};
		D24D769B28AF97AF00A81BAF /* Debug */ = {
			isa = XCBuildConfiguration;
			buildSettings = {
				ASSETCATALOG_COMPILER_APPICON_NAME = AppIcon;
				ASSETCATALOG_COMPILER_GLOBAL_ACCENT_COLOR_NAME = AccentColor;
				CODE_SIGN_STYLE = Automatic;
				CURRENT_PROJECT_VERSION = 1;
				GENERATE_INFOPLIST_FILE = YES;
				INFOPLIST_FILE = Messenger/Info.plist;
				INFOPLIST_KEY_CFBundleDisplayName = Messenger;
				INFOPLIST_KEY_UIApplicationSupportsIndirectInputEvents = YES;
				INFOPLIST_KEY_UILaunchStoryboardName = LaunchScreen;
				INFOPLIST_KEY_UIMainStoryboardFile = Main;
				INFOPLIST_KEY_UISupportedInterfaceOrientations = UIInterfaceOrientationPortrait;
				INFOPLIST_KEY_UISupportedInterfaceOrientations_iPad = "UIInterfaceOrientationPortrait UIInterfaceOrientationPortraitUpsideDown UIInterfaceOrientationLandscapeLeft UIInterfaceOrientationLandscapeRight";
				INFOPLIST_KEY_UISupportedInterfaceOrientations_iPhone = "UIInterfaceOrientationPortrait UIInterfaceOrientationLandscapeLeft UIInterfaceOrientationLandscapeRight";
				IPHONEOS_DEPLOYMENT_TARGET = 13.0;
				LD_RUNPATH_SEARCH_PATHS = (
					"$(inherited)",
					"@executable_path/Frameworks",
				);
				MARKETING_VERSION = 1.0;
				PRODUCT_BUNDLE_IDENTIFIER = vigcord.Messenger;
				PRODUCT_NAME = "$(TARGET_NAME)";
				SWIFT_EMIT_LOC_STRINGS = YES;
				SWIFT_VERSION = 5.0;
				TARGETED_DEVICE_FAMILY = "1,2";
			};
			name = Debug;
		};
		D24D769C28AF97AF00A81BAF /* Release */ = {
			isa = XCBuildConfiguration;
			buildSettings = {
				ASSETCATALOG_COMPILER_APPICON_NAME = AppIcon;
				ASSETCATALOG_COMPILER_GLOBAL_ACCENT_COLOR_NAME = AccentColor;
				CODE_SIGN_STYLE = Automatic;
				CURRENT_PROJECT_VERSION = 1;
				GENERATE_INFOPLIST_FILE = YES;
				INFOPLIST_FILE = Messenger/Info.plist;
				INFOPLIST_KEY_CFBundleDisplayName = Messenger;
				INFOPLIST_KEY_UIApplicationSupportsIndirectInputEvents = YES;
				INFOPLIST_KEY_UILaunchStoryboardName = LaunchScreen;
				INFOPLIST_KEY_UIMainStoryboardFile = Main;
				INFOPLIST_KEY_UISupportedInterfaceOrientations = UIInterfaceOrientationPortrait;
				INFOPLIST_KEY_UISupportedInterfaceOrientations_iPad = "UIInterfaceOrientationPortrait UIInterfaceOrientationPortraitUpsideDown UIInterfaceOrientationLandscapeLeft UIInterfaceOrientationLandscapeRight";
				INFOPLIST_KEY_UISupportedInterfaceOrientations_iPhone = "UIInterfaceOrientationPortrait UIInterfaceOrientationLandscapeLeft UIInterfaceOrientationLandscapeRight";
				IPHONEOS_DEPLOYMENT_TARGET = 13.0;
				LD_RUNPATH_SEARCH_PATHS = (
					"$(inherited)",
					"@executable_path/Frameworks",
				);
				MARKETING_VERSION = 1.0;
				PRODUCT_BUNDLE_IDENTIFIER = vigcord.Messenger;
				PRODUCT_NAME = "$(TARGET_NAME)";
				SWIFT_EMIT_LOC_STRINGS = YES;
				SWIFT_VERSION = 5.0;
				TARGETED_DEVICE_FAMILY = "1,2";
			};
			name = Release;
		};
/* End XCBuildConfiguration section */

/* Begin XCConfigurationList section */
		D24D768128AF97AD00A81BAF /* Build configuration list for PBXProject "Messenger" */ = {
			isa = XCConfigurationList;
			buildConfigurations = (
				D24D769828AF97AF00A81BAF /* Debug */,
				D24D769928AF97AF00A81BAF /* Release */,
			);
			defaultConfigurationIsVisible = 0;
			defaultConfigurationName = Release;
		};
		D24D769A28AF97AF00A81BAF /* Build configuration list for PBXNativeTarget "Messenger" */ = {
			isa = XCConfigurationList;
			buildConfigurations = (
				D24D769B28AF97AF00A81BAF /* Debug */,
				D24D769C28AF97AF00A81BAF /* Release */,
			);
			defaultConfigurationIsVisible = 0;
			defaultConfigurationName = Release;
		};
/* End XCConfigurationList section */
	};
	rootObject = D24D767E28AF97AD00A81BAF /* Project object */;
}
